
Microsoft Visual Studio Solution File, Format Version 12.00
# Visual Studio 15
VisualStudioVersion = 15.0.27130.2027
MinimumVisualStudioVersion = 10.0.40219.1
Project("{8BC9CEB8-8B4A-11D0-8D11-00A0C91BC942}") = "ones", "ones\ones.vcxproj", "{611FE11C-6D34-440D-BCF5-09FE2E3961FA}"
EndProject
Global
	GlobalSection(SolutionConfigurationPlatforms) = preSolution
		Debug|x64 = Debug|x64
		Debug|x86 = Debug|x86
		Release|x64 = Release|x64
		Release|x86 = Release|x86
	EndGlobalSection
	GlobalSection(ProjectConfigurationPlatforms) = postSolution
		{611FE11C-6D34-440D-BCF5-09FE2E3961FA}.Debug|x64.ActiveCfg = Debug|x64
		{611FE11C-6D34-440D-BCF5-09FE2E3961FA}.Debug|x64.Build.0 = Debug|x64
		{611FE11C-6D34-440D-BCF5-09FE2E3961FA}.Debug|x86.ActiveCfg = Debug|Win32
		{611FE11C-6D34-440D-BCF5-09FE2E3961FA}.Debug|x86.Build.0 = Debug|Win32
		{611FE11C-6D34-440D-BCF5-09FE2E3961FA}.Release|x64.ActiveCfg = Release|x64
		{611FE11C-6D34-440D-BCF5-09FE2E3961FA}.Release|x64.Build.0 = Release|x64
		{611FE11C-6D34-440D-BCF5-09FE2E3961FA}.Release|x86.ActiveCfg = Release|Win32
		{611FE11C-6D34-440D-BCF5-09FE2E3961FA}.Release|x86.Build.0 = Release|Win32
	EndGlobalSection
	GlobalSection(SolutionProperties) = preSolution
		HideSolutionNode = FALSE
	EndGlobalSection
	GlobalSection(ExtensibilityGlobals) = postSolution
		SolutionGuid = {A4B717C6-755F-449F-9A24-A4C37D0F9C27}
	EndGlobalSection
EndGlobal
