
Microsoft Visual Studio Solution File, Format Version 12.00
# Visual Studio 15
VisualStudioVersion = 15.0.27703.2018
MinimumVisualStudioVersion = 10.0.40219.1
Project("{FAE04EC0-301F-11D3-BF4B-00C04F79EFBC}") = "YODA", "YODA\YODA.csproj", "{918D2D9E-9BA1-4022-ADA9-37E386014F7C}"
EndProject
Global
	GlobalSection(SolutionConfigurationPlatforms) = preSolution
		Debug|Any CPU = Debug|Any CPU
		Release|Any CPU = Release|Any CPU
	EndGlobalSection
	GlobalSection(ProjectConfigurationPlatforms) = postSolution
		{918D2D9E-9BA1-4022-ADA9-37E386014F7C}.Debug|Any CPU.ActiveCfg = Debug|Any CPU
		{918D2D9E-9BA1-4022-ADA9-37E386014F7C}.Debug|Any CPU.Build.0 = Debug|Any CPU
		{918D2D9E-9BA1-4022-ADA9-37E386014F7C}.Release|Any CPU.ActiveCfg = Release|Any CPU
		{918D2D9E-9BA1-4022-ADA9-37E386014F7C}.Release|Any CPU.Build.0 = Release|Any CPU
	EndGlobalSection
	GlobalSection(SolutionProperties) = preSolution
		HideSolutionNode = FALSE
	EndGlobalSection
	GlobalSection(ExtensibilityGlobals) = postSolution
		SolutionGuid = {36B7E518-69A0-44F8-965B-89E0290E435B}
	EndGlobalSection
EndGlobal
